
Microsoft Visual Studio Solution File, Format Version 12.00
# Visual Studio Version 17
VisualStudioVersion = 17.11.35312.102
MinimumVisualStudioVersion = 10.0.40219.1
Project("{8BC9CEB8-8B4A-11D0-8D11-00A0C91BC942}") = "PA4", "PA4\PA4.vcxproj", "{137739ED-E9A0-417F-956F-20757948653C}"
EndProject
Global
	GlobalSection(SolutionConfigurationPlatforms) = preSolution
		Debug|x64 = Debug|x64
		Debug|x86 = Debug|x86
		Release|x64 = Release|x64
		Release|x86 = Release|x86
	EndGlobalSection
	GlobalSection(ProjectConfigurationPlatforms) = postSolution
		{137739ED-E9A0-417F-956F-20757948653C}.Debug|x64.ActiveCfg = Debug|x64
		{137739ED-E9A0-417F-956F-20757948653C}.Debug|x64.Build.0 = Debug|x64
		{137739ED-E9A0-417F-956F-20757948653C}.Debug|x86.ActiveCfg = Debug|Win32
		{137739ED-E9A0-417F-956F-20757948653C}.Debug|x86.Build.0 = Debug|Win32
		{137739ED-E9A0-417F-956F-20757948653C}.Release|x64.ActiveCfg = Release|x64
		{137739ED-E9A0-417F-956F-20757948653C}.Release|x64.Build.0 = Release|x64
		{137739ED-E9A0-417F-956F-20757948653C}.Release|x86.ActiveCfg = Release|Win32
		{137739ED-E9A0-417F-956F-20757948653C}.Release|x86.Build.0 = Release|Win32
	EndGlobalSection
	GlobalSection(SolutionProperties) = preSolution
		HideSolutionNode = FALSE
	EndGlobalSection
	GlobalSection(ExtensibilityGlobals) = postSolution
		SolutionGuid = {C1716B56-4993-473C-BA39-127B98CA6B05}
	EndGlobalSection
EndGlobal
